
Microsoft Visual Studio Solution File, Format Version 12.00
# Visual Studio Version 16
VisualStudioVersion = 16.0.30621.155
MinimumVisualStudioVersion = 10.0.40219.1
Project("{FAE04EC0-301F-11D3-BF4B-00C04F79EFBC}") = "Z1", "Z1\Z1.csproj", "{CEABCFE4-BEE7-4B23-A455-AB58D2BE1875}"
EndProject
Global
	GlobalSection(SolutionConfigurationPlatforms) = preSolution
		Debug|Any CPU = Debug|Any CPU
		Release|Any CPU = Release|Any CPU
	EndGlobalSection
	GlobalSection(ProjectConfigurationPlatforms) = postSolution
		{CEABCFE4-BEE7-4B23-A455-AB58D2BE1875}.Debug|Any CPU.ActiveCfg = Debug|Any CPU
		{CEABCFE4-BEE7-4B23-A455-AB58D2BE1875}.Debug|Any CPU.Build.0 = Debug|Any CPU
		{CEABCFE4-BEE7-4B23-A455-AB58D2BE1875}.Release|Any CPU.ActiveCfg = Release|Any CPU
		{CEABCFE4-BEE7-4B23-A455-AB58D2BE1875}.Release|Any CPU.Build.0 = Release|Any CPU
	EndGlobalSection
	GlobalSection(SolutionProperties) = preSolution
		HideSolutionNode = FALSE
	EndGlobalSection
	GlobalSection(ExtensibilityGlobals) = postSolution
		SolutionGuid = {CEC26683-16BC-4230-B732-2CEA2F406D71}
	EndGlobalSection
EndGlobal
